
Microsoft Visual Studio Solution File, Format Version 12.00
# Visual Studio Version 17
VisualStudioVersion = 17.6.33723.286
MinimumVisualStudioVersion = 10.0.40219.1
Project("{9A19103F-16F7-4668-BE54-9A1E7A4F7556}") = "PhotoSharingApplication.Frontend.Server", "PhotoSharingApplication.Frontend\Server\PhotoSharingApplication.Frontend.Server.csproj", "{6F027FD6-414A-4DD5-8749-7877FE2A22A8}"
EndProject
Project("{9A19103F-16F7-4668-BE54-9A1E7A4F7556}") = "PhotoSharingApplication.Frontend.Client", "PhotoSharingApplication.Frontend\Client\PhotoSharingApplication.Frontend.Client.csproj", "{37697EFF-72B0-4843-8123-8E32A9953540}"
EndProject
Project("{9A19103F-16F7-4668-BE54-9A1E7A4F7556}") = "PhotoSharingApplication.Frontend.Shared", "PhotoSharingApplication.Frontend\Shared\PhotoSharingApplication.Frontend.Shared.csproj", "{F58A7901-93D0-4B86-8FF2-08949F4D24A0}"
EndProject
Project("{9A19103F-16F7-4668-BE54-9A1E7A4F7556}") = "PhotoSharingApplication.Shared", "PhotoSharingApplication.Shared\PhotoSharingApplication.Shared.csproj", "{3A023FDD-78D7-4EBC-9876-5053F78988C4}"
EndProject
Project("{9A19103F-16F7-4668-BE54-9A1E7A4F7556}") = "PhotoSharingApplication.Frontend.BlazorComponents", "PhotoSharingApplication.Frontend.BlazorComponents\PhotoSharingApplication.Frontend.BlazorComponents.csproj", "{D9199009-DB0E-4AB9-B008-A47BA21F2D7A}"
EndProject
Project("{9A19103F-16F7-4668-BE54-9A1E7A4F7556}") = "PhotoSharingApplication.WebServices.REST.Photos", "PhotoSharingApplication.WebServices.REST.Photos\PhotoSharingApplication.WebServices.REST.Photos.csproj", "{91EB1A67-DEDC-49A2-A1E1-A684ABCC3BDC}"
EndProject
Project("{FAE04EC0-301F-11D3-BF4B-00C04F79EFBC}") = "PhotoSharingApplication.WebServices.Grpc.Comments", "PhotoSharingApplication.WebServices.Grpc.Comments\PhotoSharingApplication.WebServices.Grpc.Comments.csproj", "{EF9029F0-CF27-4D73-82B8-2198FB94CD5A}"
EndProject
Global
	GlobalSection(SolutionConfigurationPlatforms) = preSolution
		Debug|Any CPU = Debug|Any CPU
		Release|Any CPU = Release|Any CPU
	EndGlobalSection
	GlobalSection(ProjectConfigurationPlatforms) = postSolution
		{6F027FD6-414A-4DD5-8749-7877FE2A22A8}.Debug|Any CPU.ActiveCfg = Debug|Any CPU
		{6F027FD6-414A-4DD5-8749-7877FE2A22A8}.Debug|Any CPU.Build.0 = Debug|Any CPU
		{6F027FD6-414A-4DD5-8749-7877FE2A22A8}.Release|Any CPU.ActiveCfg = Release|Any CPU
		{6F027FD6-414A-4DD5-8749-7877FE2A22A8}.Release|Any CPU.Build.0 = Release|Any CPU
		{37697EFF-72B0-4843-8123-8E32A9953540}.Debug|Any CPU.ActiveCfg = Debug|Any CPU
		{37697EFF-72B0-4843-8123-8E32A9953540}.Debug|Any CPU.Build.0 = Debug|Any CPU
		{37697EFF-72B0-4843-8123-8E32A9953540}.Release|Any CPU.ActiveCfg = Release|Any CPU
		{37697EFF-72B0-4843-8123-8E32A9953540}.Release|Any CPU.Build.0 = Release|Any CPU
		{F58A7901-93D0-4B86-8FF2-08949F4D24A0}.Debug|Any CPU.ActiveCfg = Debug|Any CPU
		{F58A7901-93D0-4B86-8FF2-08949F4D24A0}.Debug|Any CPU.Build.0 = Debug|Any CPU
		{F58A7901-93D0-4B86-8FF2-08949F4D24A0}.Release|Any CPU.ActiveCfg = Release|Any CPU
		{F58A7901-93D0-4B86-8FF2-08949F4D24A0}.Release|Any CPU.Build.0 = Release|Any CPU
		{3A023FDD-78D7-4EBC-9876-5053F78988C4}.Debug|Any CPU.ActiveCfg = Debug|Any CPU
		{3A023FDD-78D7-4EBC-9876-5053F78988C4}.Debug|Any CPU.Build.0 = Debug|Any CPU
		{3A023FDD-78D7-4EBC-9876-5053F78988C4}.Release|Any CPU.ActiveCfg = Release|Any CPU
		{3A023FDD-78D7-4EBC-9876-5053F78988C4}.Release|Any CPU.Build.0 = Release|Any CPU
		{D9199009-DB0E-4AB9-B008-A47BA21F2D7A}.Debug|Any CPU.ActiveCfg = Debug|Any CPU
		{D9199009-DB0E-4AB9-B008-A47BA21F2D7A}.Debug|Any CPU.Build.0 = Debug|Any CPU
		{D9199009-DB0E-4AB9-B008-A47BA21F2D7A}.Release|Any CPU.ActiveCfg = Release|Any CPU
		{D9199009-DB0E-4AB9-B008-A47BA21F2D7A}.Release|Any CPU.Build.0 = Release|Any CPU
		{91EB1A67-DEDC-49A2-A1E1-A684ABCC3BDC}.Debug|Any CPU.ActiveCfg = Debug|Any CPU
		{91EB1A67-DEDC-49A2-A1E1-A684ABCC3BDC}.Debug|Any CPU.Build.0 = Debug|Any CPU
		{91EB1A67-DEDC-49A2-A1E1-A684ABCC3BDC}.Release|Any CPU.ActiveCfg = Release|Any CPU
		{91EB1A67-DEDC-49A2-A1E1-A684ABCC3BDC}.Release|Any CPU.Build.0 = Release|Any CPU
		{EF9029F0-CF27-4D73-82B8-2198FB94CD5A}.Debug|Any CPU.ActiveCfg = Debug|Any CPU
		{EF9029F0-CF27-4D73-82B8-2198FB94CD5A}.Debug|Any CPU.Build.0 = Debug|Any CPU
		{EF9029F0-CF27-4D73-82B8-2198FB94CD5A}.Release|Any CPU.ActiveCfg = Release|Any CPU
		{EF9029F0-CF27-4D73-82B8-2198FB94CD5A}.Release|Any CPU.Build.0 = Release|Any CPU
	EndGlobalSection
	GlobalSection(SolutionProperties) = preSolution
		HideSolutionNode = FALSE
	EndGlobalSection
	GlobalSection(ExtensibilityGlobals) = postSolution
		SolutionGuid = {37425586-8551-4231-8C0F-9D1C6FCF21DC}
	EndGlobalSection
EndGlobal
