
Microsoft Visual Studio Solution File, Format Version 12.00
# Visual Studio Version 17
VisualStudioVersion = 17.6.33723.286
MinimumVisualStudioVersion = 10.0.40219.1
Project("{FAE04EC0-301F-11D3-BF4B-00C04F79EFBC}") = "PhotoSharingApplication.Frontend.Server", "PhotoSharingApplication.Frontend\Server\PhotoSharingApplication.Frontend.Server.csproj", "{6F027FD6-414A-4DD5-8749-7877FE2A22A8}"
EndProject
Project("{FAE04EC0-301F-11D3-BF4B-00C04F79EFBC}") = "PhotoSharingApplication.Frontend.Client", "PhotoSharingApplication.Frontend\Client\PhotoSharingApplication.Frontend.Client.csproj", "{37697EFF-72B0-4843-8123-8E32A9953540}"
EndProject
Project("{FAE04EC0-301F-11D3-BF4B-00C04F79EFBC}") = "PhotoSharingApplication.Frontend.Shared", "PhotoSharingApplication.Frontend\Shared\PhotoSharingApplication.Frontend.Shared.csproj", "{F58A7901-93D0-4B86-8FF2-08949F4D24A0}"
EndProject
Global
	GlobalSection(SolutionConfigurationPlatforms) = preSolution
		Debug|Any CPU = Debug|Any CPU
		Release|Any CPU = Release|Any CPU
	EndGlobalSection
	GlobalSection(ProjectConfigurationPlatforms) = postSolution
		{6F027FD6-414A-4DD5-8749-7877FE2A22A8}.Debug|Any CPU.ActiveCfg = Debug|Any CPU
		{6F027FD6-414A-4DD5-8749-7877FE2A22A8}.Debug|Any CPU.Build.0 = Debug|Any CPU
		{6F027FD6-414A-4DD5-8749-7877FE2A22A8}.Release|Any CPU.ActiveCfg = Release|Any CPU
		{6F027FD6-414A-4DD5-8749-7877FE2A22A8}.Release|Any CPU.Build.0 = Release|Any CPU
		{37697EFF-72B0-4843-8123-8E32A9953540}.Debug|Any CPU.ActiveCfg = Debug|Any CPU
		{37697EFF-72B0-4843-8123-8E32A9953540}.Debug|Any CPU.Build.0 = Debug|Any CPU
		{37697EFF-72B0-4843-8123-8E32A9953540}.Release|Any CPU.ActiveCfg = Release|Any CPU
		{37697EFF-72B0-4843-8123-8E32A9953540}.Release|Any CPU.Build.0 = Release|Any CPU
		{F58A7901-93D0-4B86-8FF2-08949F4D24A0}.Debug|Any CPU.ActiveCfg = Debug|Any CPU
		{F58A7901-93D0-4B86-8FF2-08949F4D24A0}.Debug|Any CPU.Build.0 = Debug|Any CPU
		{F58A7901-93D0-4B86-8FF2-08949F4D24A0}.Release|Any CPU.ActiveCfg = Release|Any CPU
		{F58A7901-93D0-4B86-8FF2-08949F4D24A0}.Release|Any CPU.Build.0 = Release|Any CPU
	EndGlobalSection
	GlobalSection(SolutionProperties) = preSolution
		HideSolutionNode = FALSE
	EndGlobalSection
	GlobalSection(ExtensibilityGlobals) = postSolution
		SolutionGuid = {37425586-8551-4231-8C0F-9D1C6FCF21DC}
	EndGlobalSection
EndGlobal
