
Microsoft Visual Studio Solution File, Format Version 12.00
# Visual Studio Version 17
VisualStudioVersion = 17.0.32112.339
MinimumVisualStudioVersion = 10.0.40219.1
Project("{9A19103F-16F7-4668-BE54-9A1E7A4F7556}") = "PhotoSharingApplication.Frontend.Server", "PhotoSharingApplication.Frontend\Server\PhotoSharingApplication.Frontend.Server.csproj", "{9A8C1053-F5AE-45EC-B4C5-A7E73EE56A22}"
EndProject
Project("{9A19103F-16F7-4668-BE54-9A1E7A4F7556}") = "PhotoSharingApplication.Frontend.Client", "PhotoSharingApplication.Frontend\Client\PhotoSharingApplication.Frontend.Client.csproj", "{F57F12C1-3653-4F54-9397-2C75593C87FE}"
EndProject
Project("{9A19103F-16F7-4668-BE54-9A1E7A4F7556}") = "PhotoSharingApplication.Shared", "PhotoSharingApplication.Shared\PhotoSharingApplication.Shared.csproj", "{2F499F6E-C368-4D58-A55A-14EC92ED6D1D}"
EndProject
Project("{9A19103F-16F7-4668-BE54-9A1E7A4F7556}") = "PhotoSharingApplication.Frontend.BlazorComponents", "PhotoSharingApplication.Frontend.BlazorComponents\PhotoSharingApplication.Frontend.BlazorComponents.csproj", "{E2AF3F05-5EAE-4666-9B55-1F55E66BCDD5}"
EndProject
Project("{9A19103F-16F7-4668-BE54-9A1E7A4F7556}") = "PhotoSharingApplication.WebServices.Rest.Photos", "PhotoSharingApplication.WebServices.Rest.Photos\PhotoSharingApplication.WebServices.Rest.Photos.csproj", "{ADC2F07B-BD99-4BDB-84C1-8BC490F5613A}"
EndProject
Project("{9A19103F-16F7-4668-BE54-9A1E7A4F7556}") = "PhotoSharingApplication.WebServices.Grpc.Comments", "PhotoSharingApplication.WebServices.Grpc.Comments\PhotoSharingApplication.WebServices.Grpc.Comments.csproj", "{848CE094-D6A8-40C4-9E78-B368173C733F}"
EndProject
Project("{9A19103F-16F7-4668-BE54-9A1E7A4F7556}") = "PhotoSharingApplication.IdentityProvider", "PhotoSharingApplication.IdentityProvider\PhotoSharingApplication.IdentityProvider.csproj", "{FCE3B245-1069-4318-8C45-7D8ECD7036A9}"
EndProject
Project("{9A19103F-16F7-4668-BE54-9A1E7A4F7556}") = "PhotoSharingApplication.Shared.Authorization", "PhotoSharingApplication.Shared.Authorization\PhotoSharingApplication.Shared.Authorization.csproj", "{82505745-1294-4755-AB10-38E4B22E98B3}"
EndProject
Project("{9A19103F-16F7-4668-BE54-9A1E7A4F7556}") = "PhotoSharingApplication.Frontend.BlazorComponents.BUnitTests", "PhotoSharingApplication.Frontend.BlazorComponents.BUnitTests\PhotoSharingApplication.Frontend.BlazorComponents.BUnitTests.csproj", "{A041068B-D3DC-4688-A973-3E87DF53BB87}"
EndProject
Global
	GlobalSection(SolutionConfigurationPlatforms) = preSolution
		Debug|Any CPU = Debug|Any CPU
		Release|Any CPU = Release|Any CPU
	EndGlobalSection
	GlobalSection(ProjectConfigurationPlatforms) = postSolution
		{9A8C1053-F5AE-45EC-B4C5-A7E73EE56A22}.Debug|Any CPU.ActiveCfg = Debug|Any CPU
		{9A8C1053-F5AE-45EC-B4C5-A7E73EE56A22}.Debug|Any CPU.Build.0 = Debug|Any CPU
		{9A8C1053-F5AE-45EC-B4C5-A7E73EE56A22}.Release|Any CPU.ActiveCfg = Release|Any CPU
		{9A8C1053-F5AE-45EC-B4C5-A7E73EE56A22}.Release|Any CPU.Build.0 = Release|Any CPU
		{F57F12C1-3653-4F54-9397-2C75593C87FE}.Debug|Any CPU.ActiveCfg = Debug|Any CPU
		{F57F12C1-3653-4F54-9397-2C75593C87FE}.Debug|Any CPU.Build.0 = Debug|Any CPU
		{F57F12C1-3653-4F54-9397-2C75593C87FE}.Release|Any CPU.ActiveCfg = Release|Any CPU
		{F57F12C1-3653-4F54-9397-2C75593C87FE}.Release|Any CPU.Build.0 = Release|Any CPU
		{2F499F6E-C368-4D58-A55A-14EC92ED6D1D}.Debug|Any CPU.ActiveCfg = Debug|Any CPU
		{2F499F6E-C368-4D58-A55A-14EC92ED6D1D}.Debug|Any CPU.Build.0 = Debug|Any CPU
		{2F499F6E-C368-4D58-A55A-14EC92ED6D1D}.Release|Any CPU.ActiveCfg = Release|Any CPU
		{2F499F6E-C368-4D58-A55A-14EC92ED6D1D}.Release|Any CPU.Build.0 = Release|Any CPU
		{E2AF3F05-5EAE-4666-9B55-1F55E66BCDD5}.Debug|Any CPU.ActiveCfg = Debug|Any CPU
		{E2AF3F05-5EAE-4666-9B55-1F55E66BCDD5}.Debug|Any CPU.Build.0 = Debug|Any CPU
		{E2AF3F05-5EAE-4666-9B55-1F55E66BCDD5}.Release|Any CPU.ActiveCfg = Release|Any CPU
		{E2AF3F05-5EAE-4666-9B55-1F55E66BCDD5}.Release|Any CPU.Build.0 = Release|Any CPU
		{ADC2F07B-BD99-4BDB-84C1-8BC490F5613A}.Debug|Any CPU.ActiveCfg = Debug|Any CPU
		{ADC2F07B-BD99-4BDB-84C1-8BC490F5613A}.Debug|Any CPU.Build.0 = Debug|Any CPU
		{ADC2F07B-BD99-4BDB-84C1-8BC490F5613A}.Release|Any CPU.ActiveCfg = Release|Any CPU
		{ADC2F07B-BD99-4BDB-84C1-8BC490F5613A}.Release|Any CPU.Build.0 = Release|Any CPU
		{848CE094-D6A8-40C4-9E78-B368173C733F}.Debug|Any CPU.ActiveCfg = Debug|Any CPU
		{848CE094-D6A8-40C4-9E78-B368173C733F}.Debug|Any CPU.Build.0 = Debug|Any CPU
		{848CE094-D6A8-40C4-9E78-B368173C733F}.Release|Any CPU.ActiveCfg = Release|Any CPU
		{848CE094-D6A8-40C4-9E78-B368173C733F}.Release|Any CPU.Build.0 = Release|Any CPU
		{FCE3B245-1069-4318-8C45-7D8ECD7036A9}.Debug|Any CPU.ActiveCfg = Debug|Any CPU
		{FCE3B245-1069-4318-8C45-7D8ECD7036A9}.Debug|Any CPU.Build.0 = Debug|Any CPU
		{FCE3B245-1069-4318-8C45-7D8ECD7036A9}.Release|Any CPU.ActiveCfg = Release|Any CPU
		{FCE3B245-1069-4318-8C45-7D8ECD7036A9}.Release|Any CPU.Build.0 = Release|Any CPU
		{82505745-1294-4755-AB10-38E4B22E98B3}.Debug|Any CPU.ActiveCfg = Debug|Any CPU
		{82505745-1294-4755-AB10-38E4B22E98B3}.Debug|Any CPU.Build.0 = Debug|Any CPU
		{82505745-1294-4755-AB10-38E4B22E98B3}.Release|Any CPU.ActiveCfg = Release|Any CPU
		{82505745-1294-4755-AB10-38E4B22E98B3}.Release|Any CPU.Build.0 = Release|Any CPU
		{A041068B-D3DC-4688-A973-3E87DF53BB87}.Debug|Any CPU.ActiveCfg = Debug|Any CPU
		{A041068B-D3DC-4688-A973-3E87DF53BB87}.Debug|Any CPU.Build.0 = Debug|Any CPU
		{A041068B-D3DC-4688-A973-3E87DF53BB87}.Release|Any CPU.ActiveCfg = Release|Any CPU
		{A041068B-D3DC-4688-A973-3E87DF53BB87}.Release|Any CPU.Build.0 = Release|Any CPU
	EndGlobalSection
	GlobalSection(SolutionProperties) = preSolution
		HideSolutionNode = FALSE
	EndGlobalSection
	GlobalSection(ExtensibilityGlobals) = postSolution
		SolutionGuid = {2883DF84-A362-4797-88C0-C674B6522C62}
	EndGlobalSection
EndGlobal
