
Microsoft Visual Studio Solution File, Format Version 12.00
# Visual Studio Version 16
VisualStudioVersion = 16.0.31213.239
MinimumVisualStudioVersion = 10.0.40219.1
Project("{9A19103F-16F7-4668-BE54-9A1E7A4F7556}") = "PhotoSharingApplication.Frontend.BlazorWebAssembly", "PhotoSharingApplication.Frontend.BlazorWebAssembly\PhotoSharingApplication.Frontend.BlazorWebAssembly.csproj", "{74C0B7B1-EC35-4B14-8EAB-B701FD34EE13}"
EndProject
Project("{9A19103F-16F7-4668-BE54-9A1E7A4F7556}") = "PhotoSharingApplication.Frontend.Core", "PhotoSharingApplication.Frontend.Core\PhotoSharingApplication.Frontend.Core.csproj", "{BB6D3780-C75B-4390-A5BE-3D46B1EF5D66}"
EndProject
Project("{9A19103F-16F7-4668-BE54-9A1E7A4F7556}") = "PhotoSharingApplication.Frontend.Infrastructure", "PhotoSharingApplication.Frontend.Infrastructure\PhotoSharingApplication.Frontend.Infrastructure.csproj", "{79C3F9D7-1F10-40C1-BCB2-F4BD480C6CC3}"
EndProject
Project("{FAE04EC0-301F-11D3-BF4B-00C04F79EFBC}") = "PhotoSharingApplication.Frontend.BlazorComponents", "PhotoSharingApplication.Frontend.BlazorComponents\PhotoSharingApplication.Frontend.BlazorComponents.csproj", "{BC4726F8-3B6C-4EC4-9EEA-80031AF0B3C8}"
EndProject
Global
	GlobalSection(SolutionConfigurationPlatforms) = preSolution
		Debug|Any CPU = Debug|Any CPU
		Release|Any CPU = Release|Any CPU
	EndGlobalSection
	GlobalSection(ProjectConfigurationPlatforms) = postSolution
		{74C0B7B1-EC35-4B14-8EAB-B701FD34EE13}.Debug|Any CPU.ActiveCfg = Debug|Any CPU
		{74C0B7B1-EC35-4B14-8EAB-B701FD34EE13}.Debug|Any CPU.Build.0 = Debug|Any CPU
		{74C0B7B1-EC35-4B14-8EAB-B701FD34EE13}.Release|Any CPU.ActiveCfg = Release|Any CPU
		{74C0B7B1-EC35-4B14-8EAB-B701FD34EE13}.Release|Any CPU.Build.0 = Release|Any CPU
		{BB6D3780-C75B-4390-A5BE-3D46B1EF5D66}.Debug|Any CPU.ActiveCfg = Debug|Any CPU
		{BB6D3780-C75B-4390-A5BE-3D46B1EF5D66}.Debug|Any CPU.Build.0 = Debug|Any CPU
		{BB6D3780-C75B-4390-A5BE-3D46B1EF5D66}.Release|Any CPU.ActiveCfg = Release|Any CPU
		{BB6D3780-C75B-4390-A5BE-3D46B1EF5D66}.Release|Any CPU.Build.0 = Release|Any CPU
		{79C3F9D7-1F10-40C1-BCB2-F4BD480C6CC3}.Debug|Any CPU.ActiveCfg = Debug|Any CPU
		{79C3F9D7-1F10-40C1-BCB2-F4BD480C6CC3}.Debug|Any CPU.Build.0 = Debug|Any CPU
		{79C3F9D7-1F10-40C1-BCB2-F4BD480C6CC3}.Release|Any CPU.ActiveCfg = Release|Any CPU
		{79C3F9D7-1F10-40C1-BCB2-F4BD480C6CC3}.Release|Any CPU.Build.0 = Release|Any CPU
		{BC4726F8-3B6C-4EC4-9EEA-80031AF0B3C8}.Debug|Any CPU.ActiveCfg = Debug|Any CPU
		{BC4726F8-3B6C-4EC4-9EEA-80031AF0B3C8}.Debug|Any CPU.Build.0 = Debug|Any CPU
		{BC4726F8-3B6C-4EC4-9EEA-80031AF0B3C8}.Release|Any CPU.ActiveCfg = Release|Any CPU
		{BC4726F8-3B6C-4EC4-9EEA-80031AF0B3C8}.Release|Any CPU.Build.0 = Release|Any CPU
	EndGlobalSection
	GlobalSection(SolutionProperties) = preSolution
		HideSolutionNode = FALSE
	EndGlobalSection
	GlobalSection(ExtensibilityGlobals) = postSolution
		SolutionGuid = {DB1E3E8A-B8FE-415F-834B-A6D50CAC4A59}
	EndGlobalSection
EndGlobal
