
Microsoft Visual Studio Solution File, Format Version 12.00
# Visual Studio Version 16
VisualStudioVersion = 16.0.30028.174
MinimumVisualStudioVersion = 10.0.40219.1
Project("{9A19103F-16F7-4668-BE54-9A1E7A4F7556}") = "PhotoSharingApplication.Frontend.BlazorWebAssembly", "PhotoSharingApplication.Frontend.BlazorWebAssembly\PhotoSharingApplication.Frontend.BlazorWebAssembly.csproj", "{5D050B77-E999-4843-83F3-A19CDE76F746}"
EndProject
Project("{9A19103F-16F7-4668-BE54-9A1E7A4F7556}") = "PhotoSharingApplication.Frontend.Core", "PhotoSharingApplication.Frontend.Core\PhotoSharingApplication.Frontend.Core.csproj", "{CA8DCE05-4367-41E0-BCAE-9FCC8D8C6035}"
EndProject
Project("{9A19103F-16F7-4668-BE54-9A1E7A4F7556}") = "PhotoSharingApplication.Frontend.Infrastructure", "PhotoSharingApplication.Frontend.Infrastructure\PhotoSharingApplication.Frontend.Infrastructure.csproj", "{44C9719F-AF92-4E65-8779-210CFA799BA3}"
EndProject
Project("{9A19103F-16F7-4668-BE54-9A1E7A4F7556}") = "PhotoSharingApplication.Frontend.BlazorComponents", "PhotoSharingApplication.Frontend.BlazorComponents\PhotoSharingApplication.Frontend.BlazorComponents.csproj", "{5926CFA9-B3F3-4836-8A9F-727DBA6A77D1}"
EndProject
Project("{9A19103F-16F7-4668-BE54-9A1E7A4F7556}") = "PhotoSharingApplication.Backend.Core", "PhotoSharingApplication.Backend.Core\PhotoSharingApplication.Backend.Core.csproj", "{B02341F6-96DD-453F-ABBD-ACFDB30BBB23}"
EndProject
Project("{9A19103F-16F7-4668-BE54-9A1E7A4F7556}") = "PhotoSharingApplication.Shared.Core", "PhotoSharingApplication.Shared.Core\PhotoSharingApplication.Shared.Core.csproj", "{153E88F2-292C-4A52-9BD6-8572DEA245E9}"
EndProject
Project("{9A19103F-16F7-4668-BE54-9A1E7A4F7556}") = "PhotoSharingApplication.Backend.Infrastructure", "PhotoSharingApplication.Backend.Infrastructure\PhotoSharingApplication.Backend.Infrastructure.csproj", "{32081A8F-7C15-4E38-93C2-1FD205759E90}"
EndProject
Project("{9A19103F-16F7-4668-BE54-9A1E7A4F7556}") = "PhotoSharingApplication.WebServices.REST.Photos", "PhotoSharingApplication.WebServices.REST.Photos\PhotoSharingApplication.WebServices.REST.Photos.csproj", "{8C2AB843-BB2A-4689-B2CB-DCAC58AABA85}"
EndProject
Project("{9A19103F-16F7-4668-BE54-9A1E7A4F7556}") = "PhotoSharingApplication.WebServices.Grpc.Comments", "PhotoSharingApplication.WebServices.Grpc.Comments\PhotoSharingApplication.WebServices.Grpc.Comments.csproj", "{CB0E958F-F369-4161-8EA3-777E4604B06E}"
EndProject
Project("{9A19103F-16F7-4668-BE54-9A1E7A4F7556}") = "PhotoSharingApplication.IdentityServer", "PhotoSharingApplication.IdentityServer\PhotoSharingApplication.IdentityServer.csproj", "{2FABACFA-7FEC-49F9-B933-88C76202E7DB}"
EndProject
Project("{FAE04EC0-301F-11D3-BF4B-00C04F79EFBC}") = "PhotoSharingApplication.Shared.Authorization", "PhotoSharingApplication.Shared.Authorization\PhotoSharingApplication.Shared.Authorization.csproj", "{BF16F935-1D1C-49D4-958D-F27289B063F6}"
EndProject
Global
	GlobalSection(SolutionConfigurationPlatforms) = preSolution
		Debug|Any CPU = Debug|Any CPU
		Release|Any CPU = Release|Any CPU
	EndGlobalSection
	GlobalSection(ProjectConfigurationPlatforms) = postSolution
		{5D050B77-E999-4843-83F3-A19CDE76F746}.Debug|Any CPU.ActiveCfg = Debug|Any CPU
		{5D050B77-E999-4843-83F3-A19CDE76F746}.Debug|Any CPU.Build.0 = Debug|Any CPU
		{5D050B77-E999-4843-83F3-A19CDE76F746}.Release|Any CPU.ActiveCfg = Release|Any CPU
		{5D050B77-E999-4843-83F3-A19CDE76F746}.Release|Any CPU.Build.0 = Release|Any CPU
		{CA8DCE05-4367-41E0-BCAE-9FCC8D8C6035}.Debug|Any CPU.ActiveCfg = Debug|Any CPU
		{CA8DCE05-4367-41E0-BCAE-9FCC8D8C6035}.Debug|Any CPU.Build.0 = Debug|Any CPU
		{CA8DCE05-4367-41E0-BCAE-9FCC8D8C6035}.Release|Any CPU.ActiveCfg = Release|Any CPU
		{CA8DCE05-4367-41E0-BCAE-9FCC8D8C6035}.Release|Any CPU.Build.0 = Release|Any CPU
		{44C9719F-AF92-4E65-8779-210CFA799BA3}.Debug|Any CPU.ActiveCfg = Debug|Any CPU
		{44C9719F-AF92-4E65-8779-210CFA799BA3}.Debug|Any CPU.Build.0 = Debug|Any CPU
		{44C9719F-AF92-4E65-8779-210CFA799BA3}.Release|Any CPU.ActiveCfg = Release|Any CPU
		{44C9719F-AF92-4E65-8779-210CFA799BA3}.Release|Any CPU.Build.0 = Release|Any CPU
		{5926CFA9-B3F3-4836-8A9F-727DBA6A77D1}.Debug|Any CPU.ActiveCfg = Debug|Any CPU
		{5926CFA9-B3F3-4836-8A9F-727DBA6A77D1}.Debug|Any CPU.Build.0 = Debug|Any CPU
		{5926CFA9-B3F3-4836-8A9F-727DBA6A77D1}.Release|Any CPU.ActiveCfg = Release|Any CPU
		{5926CFA9-B3F3-4836-8A9F-727DBA6A77D1}.Release|Any CPU.Build.0 = Release|Any CPU
		{B02341F6-96DD-453F-ABBD-ACFDB30BBB23}.Debug|Any CPU.ActiveCfg = Debug|Any CPU
		{B02341F6-96DD-453F-ABBD-ACFDB30BBB23}.Debug|Any CPU.Build.0 = Debug|Any CPU
		{B02341F6-96DD-453F-ABBD-ACFDB30BBB23}.Release|Any CPU.ActiveCfg = Release|Any CPU
		{B02341F6-96DD-453F-ABBD-ACFDB30BBB23}.Release|Any CPU.Build.0 = Release|Any CPU
		{153E88F2-292C-4A52-9BD6-8572DEA245E9}.Debug|Any CPU.ActiveCfg = Debug|Any CPU
		{153E88F2-292C-4A52-9BD6-8572DEA245E9}.Debug|Any CPU.Build.0 = Debug|Any CPU
		{153E88F2-292C-4A52-9BD6-8572DEA245E9}.Release|Any CPU.ActiveCfg = Release|Any CPU
		{153E88F2-292C-4A52-9BD6-8572DEA245E9}.Release|Any CPU.Build.0 = Release|Any CPU
		{32081A8F-7C15-4E38-93C2-1FD205759E90}.Debug|Any CPU.ActiveCfg = Debug|Any CPU
		{32081A8F-7C15-4E38-93C2-1FD205759E90}.Debug|Any CPU.Build.0 = Debug|Any CPU
		{32081A8F-7C15-4E38-93C2-1FD205759E90}.Release|Any CPU.ActiveCfg = Release|Any CPU
		{32081A8F-7C15-4E38-93C2-1FD205759E90}.Release|Any CPU.Build.0 = Release|Any CPU
		{8C2AB843-BB2A-4689-B2CB-DCAC58AABA85}.Debug|Any CPU.ActiveCfg = Debug|Any CPU
		{8C2AB843-BB2A-4689-B2CB-DCAC58AABA85}.Debug|Any CPU.Build.0 = Debug|Any CPU
		{8C2AB843-BB2A-4689-B2CB-DCAC58AABA85}.Release|Any CPU.ActiveCfg = Release|Any CPU
		{8C2AB843-BB2A-4689-B2CB-DCAC58AABA85}.Release|Any CPU.Build.0 = Release|Any CPU
		{CB0E958F-F369-4161-8EA3-777E4604B06E}.Debug|Any CPU.ActiveCfg = Debug|Any CPU
		{CB0E958F-F369-4161-8EA3-777E4604B06E}.Debug|Any CPU.Build.0 = Debug|Any CPU
		{CB0E958F-F369-4161-8EA3-777E4604B06E}.Release|Any CPU.ActiveCfg = Release|Any CPU
		{CB0E958F-F369-4161-8EA3-777E4604B06E}.Release|Any CPU.Build.0 = Release|Any CPU
		{2FABACFA-7FEC-49F9-B933-88C76202E7DB}.Debug|Any CPU.ActiveCfg = Debug|Any CPU
		{2FABACFA-7FEC-49F9-B933-88C76202E7DB}.Debug|Any CPU.Build.0 = Debug|Any CPU
		{2FABACFA-7FEC-49F9-B933-88C76202E7DB}.Release|Any CPU.ActiveCfg = Release|Any CPU
		{2FABACFA-7FEC-49F9-B933-88C76202E7DB}.Release|Any CPU.Build.0 = Release|Any CPU
		{BF16F935-1D1C-49D4-958D-F27289B063F6}.Debug|Any CPU.ActiveCfg = Debug|Any CPU
		{BF16F935-1D1C-49D4-958D-F27289B063F6}.Debug|Any CPU.Build.0 = Debug|Any CPU
		{BF16F935-1D1C-49D4-958D-F27289B063F6}.Release|Any CPU.ActiveCfg = Release|Any CPU
		{BF16F935-1D1C-49D4-958D-F27289B063F6}.Release|Any CPU.Build.0 = Release|Any CPU
	EndGlobalSection
	GlobalSection(SolutionProperties) = preSolution
		HideSolutionNode = FALSE
	EndGlobalSection
	GlobalSection(ExtensibilityGlobals) = postSolution
		SolutionGuid = {6E8619DF-9C8D-4E46-B021-2BC87BDF2FC7}
	EndGlobalSection
EndGlobal
